
Microsoft Visual Studio Solution File, Format Version 12.00
# Visual Studio Version 17
VisualStudioVersion = 17.11.35327.3
MinimumVisualStudioVersion = 10.0.40219.1
Project("{FAE04EC0-301F-11D3-BF4B-00C04F79EFBC}") = "BankingConsoleApp", "BankingConsoleApp\BankingConsoleApp.csproj", "{2F9A3C42-063C-43EF-A0EB-5C57E89CD4B4}"
EndProject
Global
	GlobalSection(SolutionConfigurationPlatforms) = preSolution
		Debug|Any CPU = Debug|Any CPU
		Release|Any CPU = Release|Any CPU
	EndGlobalSection
	GlobalSection(ProjectConfigurationPlatforms) = postSolution
		{2F9A3C42-063C-43EF-A0EB-5C57E89CD4B4}.Debug|Any CPU.ActiveCfg = Debug|Any CPU
		{2F9A3C42-063C-43EF-A0EB-5C57E89CD4B4}.Debug|Any CPU.Build.0 = Debug|Any CPU
		{2F9A3C42-063C-43EF-A0EB-5C57E89CD4B4}.Release|Any CPU.ActiveCfg = Release|Any CPU
		{2F9A3C42-063C-43EF-A0EB-5C57E89CD4B4}.Release|Any CPU.Build.0 = Release|Any CPU
	EndGlobalSection
	GlobalSection(SolutionProperties) = preSolution
		HideSolutionNode = FALSE
	EndGlobalSection
	GlobalSection(ExtensibilityGlobals) = postSolution
		SolutionGuid = {31ADD4E3-8F3A-4FFB-A46C-2381DD14D879}
	EndGlobalSection
EndGlobal
